// !$*UTF8*$!
{
	archiveVersion = 1;
	classes = {
	};
	objectVersion = 50;
	objects = {

/* Begin PBXBuildFile section */
		D35BAD4D24A2521800B747E1 /* AppDelegate.swift in Sources */ = {isa = PBXBuildFile; fileRef = D35BAD4C24A2521800B747E1 /* AppDelegate.swift */; };
		D35BAD4F24A2521800B747E1 /* SceneDelegate.swift in Sources */ = {isa = PBXBuildFile; fileRef = D35BAD4E24A2521800B747E1 /* SceneDelegate.swift */; };
		D35BAD5124A2521800B747E1 /* ContentView.swift in Sources */ = {isa = PBXBuildFile; fileRef = D35BAD5024A2521800B747E1 /* ContentView.swift */; };
		D35BAD5324A2521A00B747E1 /* Assets.xcassets in Resources */ = {isa = PBXBuildFile; fileRef = D35BAD5224A2521A00B747E1 /* Assets.xcassets */; };
		D35BAD5624A2521A00B747E1 /* Preview Assets.xcassets in Resources */ = {isa = PBXBuildFile; fileRef = D35BAD5524A2521A00B747E1 /* Preview Assets.xcassets */; };
		D35BAD5924A2521A00B747E1 /* LaunchScreen.storyboard in Resources */ = {isa = PBXBuildFile; fileRef = D35BAD5724A2521A00B747E1 /* LaunchScreen.storyboard */; };
		D35BAD6124A2528D00B747E1 /* SchemeCorsDemo.swift in Sources */ = {isa = PBXBuildFile; fileRef = D35BAD6024A2528D00B747E1 /* SchemeCorsDemo.swift */; };
		D35BAD6524A25F9F00B747E1 /* ObjC.m in Sources */ = {isa = PBXBuildFile; fileRef = D35BAD6424A25F9F00B747E1 /* ObjC.m */; };
/* End PBXBuildFile section */

/* Begin PBXFileReference section */
		D35BAD4924A2521800B747E1 /* cors-issues-demo.app */ = {isa = PBXFileReference; explicitFileType = wrapper.application; includeInIndex = 0; path = "cors-issues-demo.app"; sourceTree = BUILT_PRODUCTS_DIR; };
		D35BAD4C24A2521800B747E1 /* AppDelegate.swift */ = {isa = PBXFileReference; lastKnownFileType = sourcecode.swift; path = AppDelegate.swift; sourceTree = "<group>"; };
		D35BAD4E24A2521800B747E1 /* SceneDelegate.swift */ = {isa = PBXFileReference; lastKnownFileType = sourcecode.swift; path = SceneDelegate.swift; sourceTree = "<group>"; };
		D35BAD5024A2521800B747E1 /* ContentView.swift */ = {isa = PBXFileReference; lastKnownFileType = sourcecode.swift; path = ContentView.swift; sourceTree = "<group>"; };
		D35BAD5224A2521A00B747E1 /* Assets.xcassets */ = {isa = PBXFileReference; lastKnownFileType = folder.assetcatalog; path = Assets.xcassets; sourceTree = "<group>"; };
		D35BAD5524A2521A00B747E1 /* Preview Assets.xcassets */ = {isa = PBXFileReference; lastKnownFileType = folder.assetcatalog; path = "Preview Assets.xcassets"; sourceTree = "<group>"; };
		D35BAD5824A2521A00B747E1 /* Base */ = {isa = PBXFileReference; lastKnownFileType = file.storyboard; name = Base; path = Base.lproj/LaunchScreen.storyboard; sourceTree = "<group>"; };
		D35BAD5A24A2521A00B747E1 /* Info.plist */ = {isa = PBXFileReference; lastKnownFileType = text.plist.xml; path = Info.plist; sourceTree = "<group>"; };
		D35BAD6024A2528D00B747E1 /* SchemeCorsDemo.swift */ = {isa = PBXFileReference; lastKnownFileType = sourcecode.swift; path = SchemeCorsDemo.swift; sourceTree = "<group>"; };
		D35BAD6224A25F8A00B747E1 /* ObjC.h */ = {isa = PBXFileReference; lastKnownFileType = sourcecode.c.h; path = ObjC.h; sourceTree = "<group>"; };
		D35BAD6324A25F9F00B747E1 /* cors-issues-demo-Bridging-Header.h */ = {isa = PBXFileReference; lastKnownFileType = sourcecode.c.h; path = "cors-issues-demo-Bridging-Header.h"; sourceTree = "<group>"; };
		D35BAD6424A25F9F00B747E1 /* ObjC.m */ = {isa = PBXFileReference; lastKnownFileType = sourcecode.c.objc; path = ObjC.m; sourceTree = "<group>"; };
/* End PBXFileReference section */

/* Begin PBXFrameworksBuildPhase section */
		D35BAD4624A2521800B747E1 /* Frameworks */ = {
			isa = PBXFrameworksBuildPhase;
			buildActionMask = 2147483647;
			files = (
			);
			runOnlyForDeploymentPostprocessing = 0;
		};
/* End PBXFrameworksBuildPhase section */

/* Begin PBXGroup section */
		D35BAD4024A2521800B747E1 = {
			isa = PBXGroup;
			children = (
				D35BAD4B24A2521800B747E1 /* cors-issues-demo */,
				D35BAD4A24A2521800B747E1 /* Products */,
			);
			sourceTree = "<group>";
		};
		D35BAD4A24A2521800B747E1 /* Products */ = {
			isa = PBXGroup;
			children = (
				D35BAD4924A2521800B747E1 /* cors-issues-demo.app */,
			);
			name = Products;
			sourceTree = "<group>";
		};
		D35BAD4B24A2521800B747E1 /* cors-issues-demo */ = {
			isa = PBXGroup;
			children = (
				D35BAD4C24A2521800B747E1 /* AppDelegate.swift */,
				D35BAD4E24A2521800B747E1 /* SceneDelegate.swift */,
				D35BAD5024A2521800B747E1 /* ContentView.swift */,
				D35BAD5224A2521A00B747E1 /* Assets.xcassets */,
				D35BAD5724A2521A00B747E1 /* LaunchScreen.storyboard */,
				D35BAD5A24A2521A00B747E1 /* Info.plist */,
				D35BAD5424A2521A00B747E1 /* Preview Content */,
				D35BAD6024A2528D00B747E1 /* SchemeCorsDemo.swift */,
				D35BAD6224A25F8A00B747E1 /* ObjC.h */,
				D35BAD6424A25F9F00B747E1 /* ObjC.m */,
				D35BAD6324A25F9F00B747E1 /* cors-issues-demo-Bridging-Header.h */,
			);
			path = "cors-issues-demo";
			sourceTree = "<group>";
		};
		D35BAD5424A2521A00B747E1 /* Preview Content */ = {
			isa = PBXGroup;
			children = (
				D35BAD5524A2521A00B747E1 /* Preview Assets.xcassets */,
			);
			path = "Preview Content";
			sourceTree = "<group>";
		};
/* End PBXGroup section */

/* Begin PBXNativeTarget section */
		D35BAD4824A2521800B747E1 /* cors-issues-demo */ = {
			isa = PBXNativeTarget;
			buildConfigurationList = D35BAD5D24A2521A00B747E1 /* Build configuration list for PBXNativeTarget "cors-issues-demo" */;
			buildPhases = (
				D35BAD4524A2521800B747E1 /* Sources */,
				D35BAD4624A2521800B747E1 /* Frameworks */,
				D35BAD4724A2521800B747E1 /* Resources */,
			);
			buildRules = (
			);
			dependencies = (
			);
			name = "cors-issues-demo";
			productName = "cors-issues-demo";
			productReference = D35BAD4924A2521800B747E1 /* cors-issues-demo.app */;
			productType = "com.apple.product-type.application";
		};
/* End PBXNativeTarget section */

/* Begin PBXProject section */
		D35BAD4124A2521800B747E1 /* Project object */ = {
			isa = PBXProject;
			attributes = {
				LastSwiftUpdateCheck = 1150;
				LastUpgradeCheck = 1150;
				ORGANIZATIONNAME = "Alastair Coote";
				TargetAttributes = {
					D35BAD4824A2521800B747E1 = {
						CreatedOnToolsVersion = 11.5;
						LastSwiftMigration = 1150;
					};
				};
			};
			buildConfigurationList = D35BAD4424A2521800B747E1 /* Build configuration list for PBXProject "cors-issues-demo" */;
			compatibilityVersion = "Xcode 9.3";
			developmentRegion = en;
			hasScannedForEncodings = 0;
			knownRegions = (
				en,
				Base,
			);
			mainGroup = D35BAD4024A2521800B747E1;
			productRefGroup = D35BAD4A24A2521800B747E1 /* Products */;
			projectDirPath = "";
			projectRoot = "";
			targets = (
				D35BAD4824A2521800B747E1 /* cors-issues-demo */,
			);
		};
/* End PBXProject section */

/* Begin PBXResourcesBuildPhase section */
		D35BAD4724A2521800B747E1 /* Resources */ = {
			isa = PBXResourcesBuildPhase;
			buildActionMask = 2147483647;
			files = (
				D35BAD5924A2521A00B747E1 /* LaunchScreen.storyboard in Resources */,
				D35BAD5624A2521A00B747E1 /* Preview Assets.xcassets in Resources */,
				D35BAD5324A2521A00B747E1 /* Assets.xcassets in Resources */,
			);
			runOnlyForDeploymentPostprocessing = 0;
		};
/* End PBXResourcesBuildPhase section */

/* Begin PBXSourcesBuildPhase section */
		D35BAD4524A2521800B747E1 /* Sources */ = {
			isa = PBXSourcesBuildPhase;
			buildActionMask = 2147483647;
			files = (
				D35BAD6524A25F9F00B747E1 /* ObjC.m in Sources */,
				D35BAD6124A2528D00B747E1 /* SchemeCorsDemo.swift in Sources */,
				D35BAD4D24A2521800B747E1 /* AppDelegate.swift in Sources */,
				D35BAD4F24A2521800B747E1 /* SceneDelegate.swift in Sources */,
				D35BAD5124A2521800B747E1 /* ContentView.swift in Sources */,
			);
			runOnlyForDeploymentPostprocessing = 0;
		};
/* End PBXSourcesBuildPhase section */

/* Begin PBXVariantGroup section */
		D35BAD5724A2521A00B747E1 /* LaunchScreen.storyboard */ = {
			isa = PBXVariantGroup;
			children = (
				D35BAD5824A2521A00B747E1 /* Base */,
			);
			name = LaunchScreen.storyboard;
			sourceTree = "<group>";
		};
/* End PBXVariantGroup section */

/* Begin XCBuildConfiguration section */
		D35BAD5B24A2521A00B747E1 /* Debug */ = {
			isa = XCBuildConfiguration;
			buildSettings = {
				ALWAYS_SEARCH_USER_PATHS = NO;
				CLANG_ANALYZER_NONNULL = YES;
				CLANG_ANALYZER_NUMBER_OBJECT_CONVERSION = YES_AGGRESSIVE;
				CLANG_CXX_LANGUAGE_STANDARD = "gnu++14";
				CLANG_CXX_LIBRARY = "libc++";
				CLANG_ENABLE_MODULES = YES;
				CLANG_ENABLE_OBJC_ARC = YES;
				CLANG_ENABLE_OBJC_WEAK = YES;
				CLANG_WARN_BLOCK_CAPTURE_AUTORELEASING = YES;
				CLANG_WARN_BOOL_CONVERSION = YES;
				CLANG_WARN_COMMA = YES;
				CLANG_WARN_CONSTANT_CONVERSION = YES;
				CLANG_WARN_DEPRECATED_OBJC_IMPLEMENTATIONS = YES;
				CLANG_WARN_DIRECT_OBJC_ISA_USAGE = YES_ERROR;
				CLANG_WARN_DOCUMENTATION_COMMENTS = YES;
				CLANG_WARN_EMPTY_BODY = YES;
				CLANG_WARN_ENUM_CONVERSION = YES;
				CLANG_WARN_INFINITE_RECURSION = YES;
				CLANG_WARN_INT_CONVERSION = YES;
				CLANG_WARN_NON_LITERAL_NULL_CONVERSION = YES;
				CLANG_WARN_OBJC_IMPLICIT_RETAIN_SELF = YES;
				CLANG_WARN_OBJC_LITERAL_CONVERSION = YES;
				CLANG_WARN_OBJC_ROOT_CLASS = YES_ERROR;
				CLANG_WARN_RANGE_LOOP_ANALYSIS = YES;
				CLANG_WARN_STRICT_PROTOTYPES = YES;
				CLANG_WARN_SUSPICIOUS_MOVE = YES;
				CLANG_WARN_UNGUARDED_AVAILABILITY = YES_AGGRESSIVE;
				CLANG_WARN_UNREACHABLE_CODE = YES;
				CLANG_WARN__DUPLICATE_METHOD_MATCH = YES;
				COPY_PHASE_STRIP = NO;
				DEBUG_INFORMATION_FORMAT = dwarf;
				ENABLE_STRICT_OBJC_MSGSEND = YES;
				ENABLE_TESTABILITY = YES;
				GCC_C_LANGUAGE_STANDARD = gnu11;
				GCC_DYNAMIC_NO_PIC = NO;
				GCC_NO_COMMON_BLOCKS = YES;
				GCC_OPTIMIZATION_LEVEL = 0;
				GCC_PREPROCESSOR_DEFINITIONS = (
					"DEBUG=1",
					"$(inherited)",
				);
				GCC_WARN_64_TO_32_BIT_CONVERSION = YES;
				GCC_WARN_ABOUT_RETURN_TYPE = YES_ERROR;
				GCC_WARN_UNDECLARED_SELECTOR = YES;
				GCC_WARN_UNINITIALIZED_AUTOS = YES_AGGRESSIVE;
				GCC_WARN_UNUSED_FUNCTION = YES;
				GCC_WARN_UNUSED_VARIABLE = YES;
				IPHONEOS_DEPLOYMENT_TARGET = 13.5;
				MTL_ENABLE_DEBUG_INFO = INCLUDE_SOURCE;
				MTL_FAST_MATH = YES;
				ONLY_ACTIVE_ARCH = YES;
				SDKROOT = iphoneos;
				SWIFT_ACTIVE_COMPILATION_CONDITIONS = DEBUG;
				SWIFT_OPTIMIZATION_LEVEL = "-Onone";
			};
			name = Debug;
		};
		D35BAD5C24A2521A00B747E1 /* Release */ = {
			isa = XCBuildConfiguration;
			buildSettings = {
				ALWAYS_SEARCH_USER_PATHS = NO;
				CLANG_ANALYZER_NONNULL = YES;
				CLANG_ANALYZER_NUMBER_OBJECT_CONVERSION = YES_AGGRESSIVE;
				CLANG_CXX_LANGUAGE_STANDARD = "gnu++14";
				CLANG_CXX_LIBRARY = "libc++";
				CLANG_ENABLE_MODULES = YES;
				CLANG_ENABLE_OBJC_ARC = YES;
				CLANG_ENABLE_OBJC_WEAK = YES;
				CLANG_WARN_BLOCK_CAPTURE_AUTORELEASING = YES;
				CLANG_WARN_BOOL_CONVERSION = YES;
				CLANG_WARN_COMMA = YES;
				CLANG_WARN_CONSTANT_CONVERSION = YES;
				CLANG_WARN_DEPRECATED_OBJC_IMPLEMENTATIONS = YES;
				CLANG_WARN_DIRECT_OBJC_ISA_USAGE = YES_ERROR;
				CLANG_WARN_DOCUMENTATION_COMMENTS = YES;
				CLANG_WARN_EMPTY_BODY = YES;
				CLANG_WARN_ENUM_CONVERSION = YES;
				CLANG_WARN_INFINITE_RECURSION = YES;
				CLANG_WARN_INT_CONVERSION = YES;
				CLANG_WARN_NON_LITERAL_NULL_CONVERSION = YES;
				CLANG_WARN_OBJC_IMPLICIT_RETAIN_SELF = YES;
				CLANG_WARN_OBJC_LITERAL_CONVERSION = YES;
				CLANG_WARN_OBJC_ROOT_CLASS = YES_ERROR;
				CLANG_WARN_RANGE_LOOP_ANALYSIS = YES;
				CLANG_WARN_STRICT_PROTOTYPES = YES;
				CLANG_WARN_SUSPICIOUS_MOVE = YES;
				CLANG_WARN_UNGUARDED_AVAILABILITY = YES_AGGRESSIVE;
				CLANG_WARN_UNREACHABLE_CODE = YES;
				CLANG_WARN__DUPLICATE_METHOD_MATCH = YES;
				COPY_PHASE_STRIP = NO;
				DEBUG_INFORMATION_FORMAT = "dwarf-with-dsym";
				ENABLE_NS_ASSERTIONS = NO;
				ENABLE_STRICT_OBJC_MSGSEND = YES;
				GCC_C_LANGUAGE_STANDARD = gnu11;
				GCC_NO_COMMON_BLOCKS = YES;
				GCC_WARN_64_TO_32_BIT_CONVERSION = YES;
				GCC_WARN_ABOUT_RETURN_TYPE = YES_ERROR;
				GCC_WARN_UNDECLARED_SELECTOR = YES;
				GCC_WARN_UNINITIALIZED_AUTOS = YES_AGGRESSIVE;
				GCC_WARN_UNUSED_FUNCTION = YES;
				GCC_WARN_UNUSED_VARIABLE = YES;
				IPHONEOS_DEPLOYMENT_TARGET = 13.5;
				MTL_ENABLE_DEBUG_INFO = NO;
				MTL_FAST_MATH = YES;
				SDKROOT = iphoneos;
				SWIFT_COMPILATION_MODE = wholemodule;
				SWIFT_OPTIMIZATION_LEVEL = "-O";
				VALIDATE_PRODUCT = YES;
			};
			name = Release;
		};
		D35BAD5E24A2521A00B747E1 /* Debug */ = {
			isa = XCBuildConfiguration;
			buildSettings = {
				ASSETCATALOG_COMPILER_APPICON_NAME = AppIcon;
				CLANG_ENABLE_MODULES = YES;
				CODE_SIGN_STYLE = Automatic;
				DEVELOPMENT_ASSET_PATHS = "\"cors-issues-demo/Preview Content\"";
				ENABLE_PREVIEWS = YES;
				INFOPLIST_FILE = "cors-issues-demo/Info.plist";
				LD_RUNPATH_SEARCH_PATHS = (
					"$(inherited)",
					"@executable_path/Frameworks",
				);
				PRODUCT_BUNDLE_IDENTIFIER = "n.cors-issues-demo";
				PRODUCT_NAME = "$(TARGET_NAME)";
				SWIFT_OBJC_BRIDGING_HEADER = "cors-issues-demo/cors-issues-demo-Bridging-Header.h";
				SWIFT_OPTIMIZATION_LEVEL = "-Onone";
				SWIFT_VERSION = 5.0;
				TARGETED_DEVICE_FAMILY = "1,2";
			};
			name = Debug;
		};
		D35BAD5F24A2521A00B747E1 /* Release */ = {
			isa = XCBuildConfiguration;
			buildSettings = {
				ASSETCATALOG_COMPILER_APPICON_NAME = AppIcon;
				CLANG_ENABLE_MODULES = YES;
				CODE_SIGN_STYLE = Automatic;
				DEVELOPMENT_ASSET_PATHS = "\"cors-issues-demo/Preview Content\"";
				ENABLE_PREVIEWS = YES;
				INFOPLIST_FILE = "cors-issues-demo/Info.plist";
				LD_RUNPATH_SEARCH_PATHS = (
					"$(inherited)",
					"@executable_path/Frameworks",
				);
				PRODUCT_BUNDLE_IDENTIFIER = "n.cors-issues-demo";
				PRODUCT_NAME = "$(TARGET_NAME)";
				SWIFT_OBJC_BRIDGING_HEADER = "cors-issues-demo/cors-issues-demo-Bridging-Header.h";
				SWIFT_VERSION = 5.0;
				TARGETED_DEVICE_FAMILY = "1,2";
			};
			name = Release;
		};
/* End XCBuildConfiguration section */

/* Begin XCConfigurationList section */
		D35BAD4424A2521800B747E1 /* Build configuration list for PBXProject "cors-issues-demo" */ = {
			isa = XCConfigurationList;
			buildConfigurations = (
				D35BAD5B24A2521A00B747E1 /* Debug */,
				D35BAD5C24A2521A00B747E1 /* Release */,
			);
			defaultConfigurationIsVisible = 0;
			defaultConfigurationName = Release;
		};
		D35BAD5D24A2521A00B747E1 /* Build configuration list for PBXNativeTarget "cors-issues-demo" */ = {
			isa = XCConfigurationList;
			buildConfigurations = (
				D35BAD5E24A2521A00B747E1 /* Debug */,
				D35BAD5F24A2521A00B747E1 /* Release */,
			);
			defaultConfigurationIsVisible = 0;
			defaultConfigurationName = Release;
		};
/* End XCConfigurationList section */
	};
	rootObject = D35BAD4124A2521800B747E1 /* Project object */;
}
